{
  "requires": true,
  "lockfileVersion": 1,
  "dependencies": {
    "phwt-frame-print": {
      "version": "1.0.0",
      "resolved": "https://registry.npmjs.org/phwt-frame-print/-/phwt-frame-print-1.0.0.tgz",
      "integrity": "sha512-Q/uEBTDjji77uTvbxywVbeweP4jUjYSjba6i1ZD9ALfXAx76F5RCRiryN3Ph3cSTs7N3NN3dUSk2JW5OtDnfaQ=="
    }
  }
}
